{
  "originHash" : "5d527ec0bf4a8ff980d4ff81fb29db70dbdcc60af6145a27ed5b44d6ab161d43",
  "pins" : [
    {
      "identity" : "navigatecoordinate",
      "kind" : "remoteSourceControl",
      "location" : "https://github.com/mattybwoy/NavigateCoordinate",
      "state" : {
        "branch" : "main",
        "revision" : "6ddc68014403699a380e4db8ef8f96a31f40f3d3"
      }
    }
  ],
  "version" : 3
}
